{
    "hash": "4c1f0806f3f641d180b981b1c05a2728",
    "packages": [
        {
            "name": "rtens/collections",
            "version": "dev-master",
            "source": {
                "type": "git",
                "url": "https://github.com/rtens/collections.git",
                "reference": "e48be96bdfbfd41bcff6ac1e6b19353cd58fbc51"
            },
            "dist": {
                "type": "zip",
                "url": "https://github.com/rtens/collections/zipball/e48be96bdfbfd41bcff6ac1e6b19353cd58fbc51",
                "reference": "e48be96bdfbfd41bcff6ac1e6b19353cd58fbc51",
                "shasum": ""
            },
            "require": {
                "php": ">=5.3.2",
                "rtens/smokey": "*"
            },
            "time": "1349964184",
            "type": "library",
            "installation-source": "source",
            "autoload": {
                "psr-0": {
                    "spec\\rtens\\collections": "",
                    "rtens\\collections": "src/"
                }
            },
            "license": [
                "MIT"
            ],
            "authors": [
                {
                    "name": "Nikolas Martens",
                    "email": "Nikolas.M@rtens.org",
                    "homepage": "http://rtens.org"
                }
            ],
            "description": "Array wrapper for more structured collections for PHP",
            "homepage": "http://github.com/rtens/collections",
            "keywords": [
                "collection",
                "watoki",
                "data structure"
            ]
        },
        {
            "name": "rtens/smokey",
            "version": "dev-master",
            "source": {
                "type": "git",
                "url": "https://github.com/rtens/smokey.git",
                "reference": "0e9fd1d551fdaef91f2ce0b7654d659fc352e691"
            },
            "dist": {
                "type": "zip",
                "url": "https://github.com/rtens/smokey/zipball/0e9fd1d551fdaef91f2ce0b7654d659fc352e691",
                "reference": "0e9fd1d551fdaef91f2ce0b7654d659fc352e691",
                "shasum": ""
            },
            "require": {
                "php": ">=5.3.2"
            },
            "time": "1349964184",
            "type": "library",
            "installation-source": "source",
            "autoload": {
                "psr-0": {
                    "spec\\rtens\\smokey": "",
                    "rtens\\smokey": "src/"
                }
            },
            "license": [
                "MIT"
            ],
            "authors": [
                {
                    "name": "Nikolas Martens",
                    "email": "Nikolas.M@rtens.org",
                    "homepage": "http://rtens.org"
                }
            ],
            "description": "Simple runtime event dispatcher for PHP",
            "homepage": "http://github.com/rtens/smokey",
            "keywords": [
                "event",
                "event dispatcher",
                "watoki"
            ]
        }
    ],
    "packages-dev": null,
    "aliases": [

    ],
    "minimum-stability": "stable",
    "stability-flags": {
        "rtens/collections": 20,
        "rtens/smokey": 20
    }
}
